
Microsoft Visual Studio Solution File, Format Version 12.00
# Visual Studio Version 17
VisualStudioVersion = 17.1.32319.34
MinimumVisualStudioVersion = 10.0.40219.1
Project("{FAE04EC0-301F-11D3-BF4B-00C04F79EFBC}") = "ASP-MVC-Project", "ASP-MVC-Project\ASP-MVC-Project.csproj", "{4A0EB2B1-E7D6-4640-83B7-5FE8013256E4}"
EndProject
Project("{FAE04EC0-301F-11D3-BF4B-00C04F79EFBC}") = "ASP-MVC-Project.Tests", "ASP-MVC-Project.Tests\ASP-MVC-Project.Tests.csproj", "{1CD8046D-965E-4EC3-B7DB-82E401F364AA}"
EndProject
Project("{FAE04EC0-301F-11D3-BF4B-00C04F79EFBC}") = "EventDB", "EventDB\EventDB.csproj", "{C09BD2A3-3407-462C-8666-B71A56D31B7A}"
EndProject
Global
	GlobalSection(SolutionConfigurationPlatforms) = preSolution
		Debug|Any CPU = Debug|Any CPU
		Release|Any CPU = Release|Any CPU
	EndGlobalSection
	GlobalSection(ProjectConfigurationPlatforms) = postSolution
		{4A0EB2B1-E7D6-4640-83B7-5FE8013256E4}.Debug|Any CPU.ActiveCfg = Debug|Any CPU
		{4A0EB2B1-E7D6-4640-83B7-5FE8013256E4}.Debug|Any CPU.Build.0 = Debug|Any CPU
		{4A0EB2B1-E7D6-4640-83B7-5FE8013256E4}.Release|Any CPU.ActiveCfg = Release|Any CPU
		{4A0EB2B1-E7D6-4640-83B7-5FE8013256E4}.Release|Any CPU.Build.0 = Release|Any CPU
		{1CD8046D-965E-4EC3-B7DB-82E401F364AA}.Debug|Any CPU.ActiveCfg = Debug|Any CPU
		{1CD8046D-965E-4EC3-B7DB-82E401F364AA}.Debug|Any CPU.Build.0 = Debug|Any CPU
		{1CD8046D-965E-4EC3-B7DB-82E401F364AA}.Release|Any CPU.ActiveCfg = Release|Any CPU
		{1CD8046D-965E-4EC3-B7DB-82E401F364AA}.Release|Any CPU.Build.0 = Release|Any CPU
		{C09BD2A3-3407-462C-8666-B71A56D31B7A}.Debug|Any CPU.ActiveCfg = Debug|Any CPU
		{C09BD2A3-3407-462C-8666-B71A56D31B7A}.Debug|Any CPU.Build.0 = Debug|Any CPU
		{C09BD2A3-3407-462C-8666-B71A56D31B7A}.Release|Any CPU.ActiveCfg = Release|Any CPU
		{C09BD2A3-3407-462C-8666-B71A56D31B7A}.Release|Any CPU.Build.0 = Release|Any CPU
	EndGlobalSection
	GlobalSection(SolutionProperties) = preSolution
		HideSolutionNode = FALSE
	EndGlobalSection
	GlobalSection(ExtensibilityGlobals) = postSolution
		SolutionGuid = {C538126E-3BE5-459C-866A-CC4DD71A74A6}
	EndGlobalSection
EndGlobal
